// !$*UTF8*$!
{
	archiveVersion = 1;
	classes = {
	};
	objectVersion = 48;
	objects = {

/* Begin PBXBuildFile section */
		C22D3F772011B64D007FE5E0 /* AppDelegate.swift in Sources */ = {isa = PBXBuildFile; fileRef = C22D3F762011B64D007FE5E0 /* AppDelegate.swift */; };
		C22D3F792011B64D007FE5E0 /* ViewController.swift in Sources */ = {isa = PBXBuildFile; fileRef = C22D3F782011B64D007FE5E0 /* ViewController.swift */; };
		C22D3F7C2011B64D007FE5E0 /* Main.storyboard in Resources */ = {isa = PBXBuildFile; fileRef = C22D3F7A2011B64D007FE5E0 /* Main.storyboard */; };
		C22D3F812011B64D007FE5E0 /* LaunchScreen.storyboard in Resources */ = {isa = PBXBuildFile; fileRef = C22D3F7F2011B64D007FE5E0 /* LaunchScreen.storyboard */; };
		C22D3F892011BC3B007FE5E0 /* Assets.xcassets in Resources */ = {isa = PBXBuildFile; fileRef = C22D3F882011BC3A007FE5E0 /* Assets.xcassets */; };
		C22D3F8B2011BFB7007FE5E0 /* MyWorksTableViewController.swift in Sources */ = {isa = PBXBuildFile; fileRef = C22D3F8A2011BFB7007FE5E0 /* MyWorksTableViewController.swift */; };
/* End PBXBuildFile section */

/* Begin PBXFileReference section */
		C22D3F732011B64D007FE5E0 /* 5minutesTable.app */ = {isa = PBXFileReference; explicitFileType = wrapper.application; includeInIndex = 0; path = 5minutesTable.app; sourceTree = BUILT_PRODUCTS_DIR; };
		C22D3F762011B64D007FE5E0 /* AppDelegate.swift */ = {isa = PBXFileReference; lastKnownFileType = sourcecode.swift; path = AppDelegate.swift; sourceTree = "<group>"; };
		C22D3F782011B64D007FE5E0 /* ViewController.swift */ = {isa = PBXFileReference; lastKnownFileType = sourcecode.swift; path = ViewController.swift; sourceTree = "<group>"; };
		C22D3F7B2011B64D007FE5E0 /* Base */ = {isa = PBXFileReference; lastKnownFileType = file.storyboard; name = Base; path = Base.lproj/Main.storyboard; sourceTree = "<group>"; };
		C22D3F802011B64D007FE5E0 /* Base */ = {isa = PBXFileReference; lastKnownFileType = file.storyboard; name = Base; path = Base.lproj/LaunchScreen.storyboard; sourceTree = "<group>"; };
		C22D3F822011B64D007FE5E0 /* Info.plist */ = {isa = PBXFileReference; lastKnownFileType = text.plist.xml; path = Info.plist; sourceTree = "<group>"; };
		C22D3F882011BC3A007FE5E0 /* Assets.xcassets */ = {isa = PBXFileReference; lastKnownFileType = folder.assetcatalog; path = Assets.xcassets; sourceTree = "<group>"; };
		C22D3F8A2011BFB7007FE5E0 /* MyWorksTableViewController.swift */ = {isa = PBXFileReference; lastKnownFileType = sourcecode.swift; path = MyWorksTableViewController.swift; sourceTree = "<group>"; };
/* End PBXFileReference section */

/* Begin PBXFrameworksBuildPhase section */
		C22D3F702011B64D007FE5E0 /* Frameworks */ = {
			isa = PBXFrameworksBuildPhase;
			buildActionMask = 2147483647;
			files = (
			);
			runOnlyForDeploymentPostprocessing = 0;
		};
/* End PBXFrameworksBuildPhase section */

/* Begin PBXGroup section */
		C22D3F6A2011B64D007FE5E0 = {
			isa = PBXGroup;
			children = (
				C22D3F752011B64D007FE5E0 /* 5minutesTable */,
				C22D3F742011B64D007FE5E0 /* Products */,
			);
			sourceTree = "<group>";
		};
		C22D3F742011B64D007FE5E0 /* Products */ = {
			isa = PBXGroup;
			children = (
				C22D3F732011B64D007FE5E0 /* 5minutesTable.app */,
			);
			name = Products;
			sourceTree = "<group>";
		};
		C22D3F752011B64D007FE5E0 /* 5minutesTable */ = {
			isa = PBXGroup;
			children = (
				C22D3F762011B64D007FE5E0 /* AppDelegate.swift */,
				C22D3F782011B64D007FE5E0 /* ViewController.swift */,
				C22D3F7A2011B64D007FE5E0 /* Main.storyboard */,
				C22D3F8A2011BFB7007FE5E0 /* MyWorksTableViewController.swift */,
				C22D3F7F2011B64D007FE5E0 /* LaunchScreen.storyboard */,
				C22D3F882011BC3A007FE5E0 /* Assets.xcassets */,
				C22D3F822011B64D007FE5E0 /* Info.plist */,
			);
			path = 5minutesTable;
			sourceTree = "<group>";
		};
/* End PBXGroup section */

/* Begin PBXNativeTarget section */
		C22D3F722011B64D007FE5E0 /* 5minutesTable */ = {
			isa = PBXNativeTarget;
			buildConfigurationList = C22D3F852011B64D007FE5E0 /* Build configuration list for PBXNativeTarget "5minutesTable" */;
			buildPhases = (
				C22D3F6F2011B64D007FE5E0 /* Sources */,
				C22D3F702011B64D007FE5E0 /* Frameworks */,
				C22D3F712011B64D007FE5E0 /* Resources */,
			);
			buildRules = (
			);
			dependencies = (
			);
			name = 5minutesTable;
			productName = 5minutesTable;
			productReference = C22D3F732011B64D007FE5E0 /* 5minutesTable.app */;
			productType = "com.apple.product-type.application";
		};
/* End PBXNativeTarget section */

/* Begin PBXProject section */
		C22D3F6B2011B64D007FE5E0 /* Project object */ = {
			isa = PBXProject;
			attributes = {
				LastSwiftUpdateCheck = 0920;
				LastUpgradeCheck = 0920;
				ORGANIZATIONNAME = "방문사용자";
				TargetAttributes = {
					C22D3F722011B64D007FE5E0 = {
						CreatedOnToolsVersion = 9.2;
						ProvisioningStyle = Automatic;
					};
				};
			};
			buildConfigurationList = C22D3F6E2011B64D007FE5E0 /* Build configuration list for PBXProject "5minutesTable" */;
			compatibilityVersion = "Xcode 8.0";
			developmentRegion = en;
			hasScannedForEncodings = 0;
			knownRegions = (
				en,
				Base,
			);
			mainGroup = C22D3F6A2011B64D007FE5E0;
			productRefGroup = C22D3F742011B64D007FE5E0 /* Products */;
			projectDirPath = "";
			projectRoot = "";
			targets = (
				C22D3F722011B64D007FE5E0 /* 5minutesTable */,
			);
		};
/* End PBXProject section */

/* Begin PBXResourcesBuildPhase section */
		C22D3F712011B64D007FE5E0 /* Resources */ = {
			isa = PBXResourcesBuildPhase;
			buildActionMask = 2147483647;
			files = (
				C22D3F812011B64D007FE5E0 /* LaunchScreen.storyboard in Resources */,
				C22D3F892011BC3B007FE5E0 /* Assets.xcassets in Resources */,
				C22D3F7C2011B64D007FE5E0 /* Main.storyboard in Resources */,
			);
			runOnlyForDeploymentPostprocessing = 0;
		};
/* End PBXResourcesBuildPhase section */

/* Begin PBXSourcesBuildPhase section */
		C22D3F6F2011B64D007FE5E0 /* Sources */ = {
			isa = PBXSourcesBuildPhase;
			buildActionMask = 2147483647;
			files = (
				C22D3F8B2011BFB7007FE5E0 /* MyWorksTableViewController.swift in Sources */,
				C22D3F792011B64D007FE5E0 /* ViewController.swift in Sources */,
				C22D3F772011B64D007FE5E0 /* AppDelegate.swift in Sources */,
			);
			runOnlyForDeploymentPostprocessing = 0;
		};
/* End PBXSourcesBuildPhase section */

/* Begin PBXVariantGroup section */
		C22D3F7A2011B64D007FE5E0 /* Main.storyboard */ = {
			isa = PBXVariantGroup;
			children = (
				C22D3F7B2011B64D007FE5E0 /* Base */,
			);
			name = Main.storyboard;
			sourceTree = "<group>";
		};
		C22D3F7F2011B64D007FE5E0 /* LaunchScreen.storyboard */ = {
			isa = PBXVariantGroup;
			children = (
				C22D3F802011B64D007FE5E0 /* Base */,
			);
			name = LaunchScreen.storyboard;
			sourceTree = "<group>";
		};
/* End PBXVariantGroup section */

/* Begin XCBuildConfiguration section */
		C22D3F832011B64D007FE5E0 /* Debug */ = {
			isa = XCBuildConfiguration;
			buildSettings = {
				ALWAYS_SEARCH_USER_PATHS = NO;
				CLANG_ANALYZER_NONNULL = YES;
				CLANG_ANALYZER_NUMBER_OBJECT_CONVERSION = YES_AGGRESSIVE;
				CLANG_CXX_LANGUAGE_STANDARD = "gnu++14";
				CLANG_CXX_LIBRARY = "libc++";
				CLANG_ENABLE_MODULES = YES;
				CLANG_ENABLE_OBJC_ARC = YES;
				CLANG_WARN_BLOCK_CAPTURE_AUTORELEASING = YES;
				CLANG_WARN_BOOL_CONVERSION = YES;
				CLANG_WARN_COMMA = YES;
				CLANG_WARN_CONSTANT_CONVERSION = YES;
				CLANG_WARN_DIRECT_OBJC_ISA_USAGE = YES_ERROR;
				CLANG_WARN_DOCUMENTATION_COMMENTS = YES;
				CLANG_WARN_EMPTY_BODY = YES;
				CLANG_WARN_ENUM_CONVERSION = YES;
				CLANG_WARN_INFINITE_RECURSION = YES;
				CLANG_WARN_INT_CONVERSION = YES;
				CLANG_WARN_NON_LITERAL_NULL_CONVERSION = YES;
				CLANG_WARN_OBJC_LITERAL_CONVERSION = YES;
				CLANG_WARN_OBJC_ROOT_CLASS = YES_ERROR;
				CLANG_WARN_RANGE_LOOP_ANALYSIS = YES;
				CLANG_WARN_STRICT_PROTOTYPES = YES;
				CLANG_WARN_SUSPICIOUS_MOVE = YES;
				CLANG_WARN_UNGUARDED_AVAILABILITY = YES_AGGRESSIVE;
				CLANG_WARN_UNREACHABLE_CODE = YES;
				CLANG_WARN__DUPLICATE_METHOD_MATCH = YES;
				CODE_SIGN_IDENTITY = "iPhone Developer";
				COPY_PHASE_STRIP = NO;
				DEBUG_INFORMATION_FORMAT = dwarf;
				ENABLE_STRICT_OBJC_MSGSEND = YES;
				ENABLE_TESTABILITY = YES;
				GCC_C_LANGUAGE_STANDARD = gnu11;
				GCC_DYNAMIC_NO_PIC = NO;
				GCC_NO_COMMON_BLOCKS = YES;
				GCC_OPTIMIZATION_LEVEL = 0;
				GCC_PREPROCESSOR_DEFINITIONS = (
					"DEBUG=1",
					"$(inherited)",
				);
				GCC_WARN_64_TO_32_BIT_CONVERSION = YES;
				GCC_WARN_ABOUT_RETURN_TYPE = YES_ERROR;
				GCC_WARN_UNDECLARED_SELECTOR = YES;
				GCC_WARN_UNINITIALIZED_AUTOS = YES_AGGRESSIVE;
				GCC_WARN_UNUSED_FUNCTION = YES;
				GCC_WARN_UNUSED_VARIABLE = YES;
				IPHONEOS_DEPLOYMENT_TARGET = 11.2;
				MTL_ENABLE_DEBUG_INFO = YES;
				ONLY_ACTIVE_ARCH = YES;
				SDKROOT = iphoneos;
				SWIFT_ACTIVE_COMPILATION_CONDITIONS = DEBUG;
				SWIFT_OPTIMIZATION_LEVEL = "-Onone";
			};
			name = Debug;
		};
		C22D3F842011B64D007FE5E0 /* Release */ = {
			isa = XCBuildConfiguration;
			buildSettings = {
				ALWAYS_SEARCH_USER_PATHS = NO;
				CLANG_ANALYZER_NONNULL = YES;
				CLANG_ANALYZER_NUMBER_OBJECT_CONVERSION = YES_AGGRESSIVE;
				CLANG_CXX_LANGUAGE_STANDARD = "gnu++14";
				CLANG_CXX_LIBRARY = "libc++";
				CLANG_ENABLE_MODULES = YES;
				CLANG_ENABLE_OBJC_ARC = YES;
				CLANG_WARN_BLOCK_CAPTURE_AUTORELEASING = YES;
				CLANG_WARN_BOOL_CONVERSION = YES;
				CLANG_WARN_COMMA = YES;
				CLANG_WARN_CONSTANT_CONVERSION = YES;
				CLANG_WARN_DIRECT_OBJC_ISA_USAGE = YES_ERROR;
				CLANG_WARN_DOCUMENTATION_COMMENTS = YES;
				CLANG_WARN_EMPTY_BODY = YES;
				CLANG_WARN_ENUM_CONVERSION = YES;
				CLANG_WARN_INFINITE_RECURSION = YES;
				CLANG_WARN_INT_CONVERSION = YES;
				CLANG_WARN_NON_LITERAL_NULL_CONVERSION = YES;
				CLANG_WARN_OBJC_LITERAL_CONVERSION = YES;
				CLANG_WARN_OBJC_ROOT_CLASS = YES_ERROR;
				CLANG_WARN_RANGE_LOOP_ANALYSIS = YES;
				CLANG_WARN_STRICT_PROTOTYPES = YES;
				CLANG_WARN_SUSPICIOUS_MOVE = YES;
				CLANG_WARN_UNGUARDED_AVAILABILITY = YES_AGGRESSIVE;
				CLANG_WARN_UNREACHABLE_CODE = YES;
				CLANG_WARN__DUPLICATE_METHOD_MATCH = YES;
				CODE_SIGN_IDENTITY = "iPhone Developer";
				COPY_PHASE_STRIP = NO;
				DEBUG_INFORMATION_FORMAT = "dwarf-with-dsym";
				ENABLE_NS_ASSERTIONS = NO;
				ENABLE_STRICT_OBJC_MSGSEND = YES;
				GCC_C_LANGUAGE_STANDARD = gnu11;
				GCC_NO_COMMON_BLOCKS = YES;
				GCC_WARN_64_TO_32_BIT_CONVERSION = YES;
				GCC_WARN_ABOUT_RETURN_TYPE = YES_ERROR;
				GCC_WARN_UNDECLARED_SELECTOR = YES;
				GCC_WARN_UNINITIALIZED_AUTOS = YES_AGGRESSIVE;
				GCC_WARN_UNUSED_FUNCTION = YES;
				GCC_WARN_UNUSED_VARIABLE = YES;
				IPHONEOS_DEPLOYMENT_TARGET = 11.2;
				MTL_ENABLE_DEBUG_INFO = NO;
				SDKROOT = iphoneos;
				SWIFT_OPTIMIZATION_LEVEL = "-Owholemodule";
				VALIDATE_PRODUCT = YES;
			};
			name = Release;
		};
		C22D3F862011B64D007FE5E0 /* Debug */ = {
			isa = XCBuildConfiguration;
			buildSettings = {
				ASSETCATALOG_COMPILER_APPICON_NAME = AppIcon;
				CODE_SIGN_STYLE = Automatic;
				INFOPLIST_FILE = 5minutesTable/Info.plist;
				LD_RUNPATH_SEARCH_PATHS = "$(inherited) @executable_path/Frameworks";
				PRODUCT_BUNDLE_IDENTIFIER = "kr.ac.korea.-minutesTable";
				PRODUCT_NAME = "$(TARGET_NAME)";
				SWIFT_VERSION = 4.0;
				TARGETED_DEVICE_FAMILY = "1,2";
			};
			name = Debug;
		};
		C22D3F872011B64D007FE5E0 /* Release */ = {
			isa = XCBuildConfiguration;
			buildSettings = {
				ASSETCATALOG_COMPILER_APPICON_NAME = AppIcon;
				CODE_SIGN_STYLE = Automatic;
				INFOPLIST_FILE = 5minutesTable/Info.plist;
				LD_RUNPATH_SEARCH_PATHS = "$(inherited) @executable_path/Frameworks";
				PRODUCT_BUNDLE_IDENTIFIER = "kr.ac.korea.-minutesTable";
				PRODUCT_NAME = "$(TARGET_NAME)";
				SWIFT_VERSION = 4.0;
				TARGETED_DEVICE_FAMILY = "1,2";
			};
			name = Release;
		};
/* End XCBuildConfiguration section */

/* Begin XCConfigurationList section */
		C22D3F6E2011B64D007FE5E0 /* Build configuration list for PBXProject "5minutesTable" */ = {
			isa = XCConfigurationList;
			buildConfigurations = (
				C22D3F832011B64D007FE5E0 /* Debug */,
				C22D3F842011B64D007FE5E0 /* Release */,
			);
			defaultConfigurationIsVisible = 0;
			defaultConfigurationName = Release;
		};
		C22D3F852011B64D007FE5E0 /* Build configuration list for PBXNativeTarget "5minutesTable" */ = {
			isa = XCConfigurationList;
			buildConfigurations = (
				C22D3F862011B64D007FE5E0 /* Debug */,
				C22D3F872011B64D007FE5E0 /* Release */,
			);
			defaultConfigurationIsVisible = 0;
			defaultConfigurationName = Release;
		};
/* End XCConfigurationList section */
	};
	rootObject = C22D3F6B2011B64D007FE5E0 /* Project object */;
}
